// !$*UTF8*$!
{
	archiveVersion = 1;
	classes = {
	};
	objectVersion = 46;
	objects = {

/* Begin PBXBuildFile section */
		3C3D815E187FF1C300715E16 /* Foundation.framework in Frameworks */ = {isa = PBXBuildFile; fileRef = 3C3D815D187FF1C300715E16 /* Foundation.framework */; };
		3C3D8160187FF1C300715E16 /* CoreGraphics.framework in Frameworks */ = {isa = PBXBuildFile; fileRef = 3C3D815F187FF1C300715E16 /* CoreGraphics.framework */; };
		3C3D8162187FF1C300715E16 /* UIKit.framework in Frameworks */ = {isa = PBXBuildFile; fileRef = 3C3D8161187FF1C300715E16 /* UIKit.framework */; };
		3C3D8168187FF1C300715E16 /* InfoPlist.strings in Resources */ = {isa = PBXBuildFile; fileRef = 3C3D8166187FF1C300715E16 /* InfoPlist.strings */; };
		3C3D816A187FF1C300715E16 /* main.m in Sources */ = {isa = PBXBuildFile; fileRef = 3C3D8169187FF1C300715E16 /* main.m */; };
		3C3D816E187FF1C300715E16 /* VoiceFinanceAppDelegate.m in Sources */ = {isa = PBXBuildFile; fileRef = 3C3D816D187FF1C300715E16 /* VoiceFinanceAppDelegate.m */; };
		3C3D8171187FF1C300715E16 /* Main_iPhone.storyboard in Resources */ = {isa = PBXBuildFile; fileRef = 3C3D816F187FF1C300715E16 /* Main_iPhone.storyboard */; };
		3C3D8174187FF1C300715E16 /* Main_iPad.storyboard in Resources */ = {isa = PBXBuildFile; fileRef = 3C3D8172187FF1C300715E16 /* Main_iPad.storyboard */; };
		3C3D8177187FF1C300715E16 /* VoiceFinanceFirstViewController.m in Sources */ = {isa = PBXBuildFile; fileRef = 3C3D8176187FF1C300715E16 /* VoiceFinanceFirstViewController.m */; };
		3C3D817A187FF1C300715E16 /* VoiceFinanceSecondViewController.m in Sources */ = {isa = PBXBuildFile; fileRef = 3C3D8179187FF1C300715E16 /* VoiceFinanceSecondViewController.m */; };
		3C3D817C187FF1C400715E16 /* Images.xcassets in Resources */ = {isa = PBXBuildFile; fileRef = 3C3D817B187FF1C400715E16 /* Images.xcassets */; };
		3C3D8183187FF1C400715E16 /* XCTest.framework in Frameworks */ = {isa = PBXBuildFile; fileRef = 3C3D8182187FF1C400715E16 /* XCTest.framework */; };
		3C3D8184187FF1C400715E16 /* Foundation.framework in Frameworks */ = {isa = PBXBuildFile; fileRef = 3C3D815D187FF1C300715E16 /* Foundation.framework */; };
		3C3D8185187FF1C400715E16 /* UIKit.framework in Frameworks */ = {isa = PBXBuildFile; fileRef = 3C3D8161187FF1C300715E16 /* UIKit.framework */; };
		3C3D818D187FF1C400715E16 /* InfoPlist.strings in Resources */ = {isa = PBXBuildFile; fileRef = 3C3D818B187FF1C400715E16 /* InfoPlist.strings */; };
		3C3D818F187FF1C400715E16 /* VoiceFinanceTests.m in Sources */ = {isa = PBXBuildFile; fileRef = 3C3D818E187FF1C400715E16 /* VoiceFinanceTests.m */; };
/* End PBXBuildFile section */

/* Begin PBXContainerItemProxy section */
		3C3D8186187FF1C400715E16 /* PBXContainerItemProxy */ = {
			isa = PBXContainerItemProxy;
			containerPortal = 3C3D8152187FF1C300715E16 /* Project object */;
			proxyType = 1;
			remoteGlobalIDString = 3C3D8159187FF1C300715E16;
			remoteInfo = VoiceFinance;
		};
/* End PBXContainerItemProxy section */

/* Begin PBXFileReference section */
		3C3D815A187FF1C300715E16 /* VoiceFinance.app */ = {isa = PBXFileReference; explicitFileType = wrapper.application; includeInIndex = 0; path = VoiceFinance.app; sourceTree = BUILT_PRODUCTS_DIR; };
		3C3D815D187FF1C300715E16 /* Foundation.framework */ = {isa = PBXFileReference; lastKnownFileType = wrapper.framework; name = Foundation.framework; path = System/Library/Frameworks/Foundation.framework; sourceTree = SDKROOT; };
		3C3D815F187FF1C300715E16 /* CoreGraphics.framework */ = {isa = PBXFileReference; lastKnownFileType = wrapper.framework; name = CoreGraphics.framework; path = System/Library/Frameworks/CoreGraphics.framework; sourceTree = SDKROOT; };
		3C3D8161187FF1C300715E16 /* UIKit.framework */ = {isa = PBXFileReference; lastKnownFileType = wrapper.framework; name = UIKit.framework; path = System/Library/Frameworks/UIKit.framework; sourceTree = SDKROOT; };
		3C3D8165187FF1C300715E16 /* VoiceFinance-Info.plist */ = {isa = PBXFileReference; lastKnownFileType = text.plist.xml; path = "VoiceFinance-Info.plist"; sourceTree = "<group>"; };
		3C3D8167187FF1C300715E16 /* en */ = {isa = PBXFileReference; lastKnownFileType = text.plist.strings; name = en; path = en.lproj/InfoPlist.strings; sourceTree = "<group>"; };
		3C3D8169187FF1C300715E16 /* main.m */ = {isa = PBXFileReference; lastKnownFileType = sourcecode.c.objc; path = main.m; sourceTree = "<group>"; };
		3C3D816B187FF1C300715E16 /* VoiceFinance-Prefix.pch */ = {isa = PBXFileReference; lastKnownFileType = sourcecode.c.h; path = "VoiceFinance-Prefix.pch"; sourceTree = "<group>"; };
		3C3D816C187FF1C300715E16 /* VoiceFinanceAppDelegate.h */ = {isa = PBXFileReference; lastKnownFileType = sourcecode.c.h; path = VoiceFinanceAppDelegate.h; sourceTree = "<group>"; };
		3C3D816D187FF1C300715E16 /* VoiceFinanceAppDelegate.m */ = {isa = PBXFileReference; lastKnownFileType = sourcecode.c.objc; path = VoiceFinanceAppDelegate.m; sourceTree = "<group>"; };
		3C3D8170187FF1C300715E16 /* Base */ = {isa = PBXFileReference; lastKnownFileType = file.storyboard; name = Base; path = Base.lproj/Main_iPhone.storyboard; sourceTree = "<group>"; };
		3C3D8173187FF1C300715E16 /* Base */ = {isa = PBXFileReference; lastKnownFileType = file.storyboard; name = Base; path = Base.lproj/Main_iPad.storyboard; sourceTree = "<group>"; };
		3C3D8175187FF1C300715E16 /* VoiceFinanceFirstViewController.h */ = {isa = PBXFileReference; lastKnownFileType = sourcecode.c.h; path = VoiceFinanceFirstViewController.h; sourceTree = "<group>"; };
		3C3D8176187FF1C300715E16 /* VoiceFinanceFirstViewController.m */ = {isa = PBXFileReference; lastKnownFileType = sourcecode.c.objc; path = VoiceFinanceFirstViewController.m; sourceTree = "<group>"; };
		3C3D8178187FF1C300715E16 /* VoiceFinanceSecondViewController.h */ = {isa = PBXFileReference; lastKnownFileType = sourcecode.c.h; path = VoiceFinanceSecondViewController.h; sourceTree = "<group>"; };
		3C3D8179187FF1C300715E16 /* VoiceFinanceSecondViewController.m */ = {isa = PBXFileReference; lastKnownFileType = sourcecode.c.objc; path = VoiceFinanceSecondViewController.m; sourceTree = "<group>"; };
		3C3D817B187FF1C400715E16 /* Images.xcassets */ = {isa = PBXFileReference; lastKnownFileType = folder.assetcatalog; path = Images.xcassets; sourceTree = "<group>"; };
		3C3D8181187FF1C400715E16 /* VoiceFinanceTests.xctest */ = {isa = PBXFileReference; explicitFileType = wrapper.cfbundle; includeInIndex = 0; path = VoiceFinanceTests.xctest; sourceTree = BUILT_PRODUCTS_DIR; };
		3C3D8182187FF1C400715E16 /* XCTest.framework */ = {isa = PBXFileReference; lastKnownFileType = wrapper.framework; name = XCTest.framework; path = Library/Frameworks/XCTest.framework; sourceTree = DEVELOPER_DIR; };
		3C3D818A187FF1C400715E16 /* VoiceFinanceTests-Info.plist */ = {isa = PBXFileReference; lastKnownFileType = text.plist.xml; path = "VoiceFinanceTests-Info.plist"; sourceTree = "<group>"; };
		3C3D818C187FF1C400715E16 /* en */ = {isa = PBXFileReference; lastKnownFileType = text.plist.strings; name = en; path = en.lproj/InfoPlist.strings; sourceTree = "<group>"; };
		3C3D818E187FF1C400715E16 /* VoiceFinanceTests.m */ = {isa = PBXFileReference; lastKnownFileType = sourcecode.c.objc; path = VoiceFinanceTests.m; sourceTree = "<group>"; };
/* End PBXFileReference section */

/* Begin PBXFrameworksBuildPhase section */
		3C3D8157187FF1C300715E16 /* Frameworks */ = {
			isa = PBXFrameworksBuildPhase;
			buildActionMask = 2147483647;
			files = (
				3C3D8160187FF1C300715E16 /* CoreGraphics.framework in Frameworks */,
				3C3D8162187FF1C300715E16 /* UIKit.framework in Frameworks */,
				3C3D815E187FF1C300715E16 /* Foundation.framework in Frameworks */,
			);
			runOnlyForDeploymentPostprocessing = 0;
		};
		3C3D817E187FF1C400715E16 /* Frameworks */ = {
			isa = PBXFrameworksBuildPhase;
			buildActionMask = 2147483647;
			files = (
				3C3D8183187FF1C400715E16 /* XCTest.framework in Frameworks */,
				3C3D8185187FF1C400715E16 /* UIKit.framework in Frameworks */,
				3C3D8184187FF1C400715E16 /* Foundation.framework in Frameworks */,
			);
			runOnlyForDeploymentPostprocessing = 0;
		};
/* End PBXFrameworksBuildPhase section */

/* Begin PBXGroup section */
		3C3D8151187FF1C300715E16 = {
			isa = PBXGroup;
			children = (
				3C3D8163187FF1C300715E16 /* VoiceFinance */,
				3C3D8188187FF1C400715E16 /* VoiceFinanceTests */,
				3C3D815C187FF1C300715E16 /* Frameworks */,
				3C3D815B187FF1C300715E16 /* Products */,
			);
			sourceTree = "<group>";
		};
		3C3D815B187FF1C300715E16 /* Products */ = {
			isa = PBXGroup;
			children = (
				3C3D815A187FF1C300715E16 /* VoiceFinance.app */,
				3C3D8181187FF1C400715E16 /* VoiceFinanceTests.xctest */,
			);
			name = Products;
			sourceTree = "<group>";
		};
		3C3D815C187FF1C300715E16 /* Frameworks */ = {
			isa = PBXGroup;
			children = (
				3C3D815D187FF1C300715E16 /* Foundation.framework */,
				3C3D815F187FF1C300715E16 /* CoreGraphics.framework */,
				3C3D8161187FF1C300715E16 /* UIKit.framework */,
				3C3D8182187FF1C400715E16 /* XCTest.framework */,
			);
			name = Frameworks;
			sourceTree = "<group>";
		};
		3C3D8163187FF1C300715E16 /* VoiceFinance */ = {
			isa = PBXGroup;
			children = (
				3C3D816C187FF1C300715E16 /* VoiceFinanceAppDelegate.h */,
				3C3D816D187FF1C300715E16 /* VoiceFinanceAppDelegate.m */,
				3C3D816F187FF1C300715E16 /* Main_iPhone.storyboard */,
				3C3D8172187FF1C300715E16 /* Main_iPad.storyboard */,
				3C3D8175187FF1C300715E16 /* VoiceFinanceFirstViewController.h */,
				3C3D8176187FF1C300715E16 /* VoiceFinanceFirstViewController.m */,
				3C3D8178187FF1C300715E16 /* VoiceFinanceSecondViewController.h */,
				3C3D8179187FF1C300715E16 /* VoiceFinanceSecondViewController.m */,
				3C3D817B187FF1C400715E16 /* Images.xcassets */,
				3C3D8164187FF1C300715E16 /* Supporting Files */,
			);
			path = VoiceFinance;
			sourceTree = "<group>";
		};
		3C3D8164187FF1C300715E16 /* Supporting Files */ = {
			isa = PBXGroup;
			children = (
				3C3D8165187FF1C300715E16 /* VoiceFinance-Info.plist */,
				3C3D8166187FF1C300715E16 /* InfoPlist.strings */,
				3C3D8169187FF1C300715E16 /* main.m */,
				3C3D816B187FF1C300715E16 /* VoiceFinance-Prefix.pch */,
			);
			name = "Supporting Files";
			sourceTree = "<group>";
		};
		3C3D8188187FF1C400715E16 /* VoiceFinanceTests */ = {
			isa = PBXGroup;
			children = (
				3C3D818E187FF1C400715E16 /* VoiceFinanceTests.m */,
				3C3D8189187FF1C400715E16 /* Supporting Files */,
			);
			path = VoiceFinanceTests;
			sourceTree = "<group>";
		};
		3C3D8189187FF1C400715E16 /* Supporting Files */ = {
			isa = PBXGroup;
			children = (
				3C3D818A187FF1C400715E16 /* VoiceFinanceTests-Info.plist */,
				3C3D818B187FF1C400715E16 /* InfoPlist.strings */,
			);
			name = "Supporting Files";
			sourceTree = "<group>";
		};
/* End PBXGroup section */

/* Begin PBXNativeTarget section */
		3C3D8159187FF1C300715E16 /* VoiceFinance */ = {
			isa = PBXNativeTarget;
			buildConfigurationList = 3C3D8192187FF1C400715E16 /* Build configuration list for PBXNativeTarget "VoiceFinance" */;
			buildPhases = (
				3C3D8156187FF1C300715E16 /* Sources */,
				3C3D8157187FF1C300715E16 /* Frameworks */,
				3C3D8158187FF1C300715E16 /* Resources */,
			);
			buildRules = (
			);
			dependencies = (
			);
			name = VoiceFinance;
			productName = VoiceFinance;
			productReference = 3C3D815A187FF1C300715E16 /* VoiceFinance.app */;
			productType = "com.apple.product-type.application";
		};
		3C3D8180187FF1C400715E16 /* VoiceFinanceTests */ = {
			isa = PBXNativeTarget;
			buildConfigurationList = 3C3D8195187FF1C400715E16 /* Build configuration list for PBXNativeTarget "VoiceFinanceTests" */;
			buildPhases = (
				3C3D817D187FF1C400715E16 /* Sources */,
				3C3D817E187FF1C400715E16 /* Frameworks */,
				3C3D817F187FF1C400715E16 /* Resources */,
			);
			buildRules = (
			);
			dependencies = (
				3C3D8187187FF1C400715E16 /* PBXTargetDependency */,
			);
			name = VoiceFinanceTests;
			productName = VoiceFinanceTests;
			productReference = 3C3D8181187FF1C400715E16 /* VoiceFinanceTests.xctest */;
			productType = "com.apple.product-type.bundle.unit-test";
		};
/* End PBXNativeTarget section */

/* Begin PBXProject section */
		3C3D8152187FF1C300715E16 /* Project object */ = {
			isa = PBXProject;
			attributes = {
				CLASSPREFIX = VoiceFinance;
				LastUpgradeCheck = 0500;
				ORGANIZATIONNAME = VoiceFinance;
				TargetAttributes = {
					3C3D8180187FF1C400715E16 = {
						TestTargetID = 3C3D8159187FF1C300715E16;
					};
				};
			};
			buildConfigurationList = 3C3D8155187FF1C300715E16 /* Build configuration list for PBXProject "VoiceFinance" */;
			compatibilityVersion = "Xcode 3.2";
			developmentRegion = English;
			hasScannedForEncodings = 0;
			knownRegions = (
				en,
				Base,
			);
			mainGroup = 3C3D8151187FF1C300715E16;
			productRefGroup = 3C3D815B187FF1C300715E16 /* Products */;
			projectDirPath = "";
			projectRoot = "";
			targets = (
				3C3D8159187FF1C300715E16 /* VoiceFinance */,
				3C3D8180187FF1C400715E16 /* VoiceFinanceTests */,
			);
		};
/* End PBXProject section */

/* Begin PBXResourcesBuildPhase section */
		3C3D8158187FF1C300715E16 /* Resources */ = {
			isa = PBXResourcesBuildPhase;
			buildActionMask = 2147483647;
			files = (
				3C3D8174187FF1C300715E16 /* Main_iPad.storyboard in Resources */,
				3C3D817C187FF1C400715E16 /* Images.xcassets in Resources */,
				3C3D8171187FF1C300715E16 /* Main_iPhone.storyboard in Resources */,
				3C3D8168187FF1C300715E16 /* InfoPlist.strings in Resources */,
			);
			runOnlyForDeploymentPostprocessing = 0;
		};
		3C3D817F187FF1C400715E16 /* Resources */ = {
			isa = PBXResourcesBuildPhase;
			buildActionMask = 2147483647;
			files = (
				3C3D818D187FF1C400715E16 /* InfoPlist.strings in Resources */,
			);
			runOnlyForDeploymentPostprocessing = 0;
		};
/* End PBXResourcesBuildPhase section */

/* Begin PBXSourcesBuildPhase section */
		3C3D8156187FF1C300715E16 /* Sources */ = {
			isa = PBXSourcesBuildPhase;
			buildActionMask = 2147483647;
			files = (
				3C3D816E187FF1C300715E16 /* VoiceFinanceAppDelegate.m in Sources */,
				3C3D8177187FF1C300715E16 /* VoiceFinanceFirstViewController.m in Sources */,
				3C3D817A187FF1C300715E16 /* VoiceFinanceSecondViewController.m in Sources */,
				3C3D816A187FF1C300715E16 /* main.m in Sources */,
			);
			runOnlyForDeploymentPostprocessing = 0;
		};
		3C3D817D187FF1C400715E16 /* Sources */ = {
			isa = PBXSourcesBuildPhase;
			buildActionMask = 2147483647;
			files = (
				3C3D818F187FF1C400715E16 /* VoiceFinanceTests.m in Sources */,
			);
			runOnlyForDeploymentPostprocessing = 0;
		};
/* End PBXSourcesBuildPhase section */

/* Begin PBXTargetDependency section */
		3C3D8187187FF1C400715E16 /* PBXTargetDependency */ = {
			isa = PBXTargetDependency;
			target = 3C3D8159187FF1C300715E16 /* VoiceFinance */;
			targetProxy = 3C3D8186187FF1C400715E16 /* PBXContainerItemProxy */;
		};
/* End PBXTargetDependency section */

/* Begin PBXVariantGroup section */
		3C3D8166187FF1C300715E16 /* InfoPlist.strings */ = {
			isa = PBXVariantGroup;
			children = (
				3C3D8167187FF1C300715E16 /* en */,
			);
			name = InfoPlist.strings;
			sourceTree = "<group>";
		};
		3C3D816F187FF1C300715E16 /* Main_iPhone.storyboard */ = {
			isa = PBXVariantGroup;
			children = (
				3C3D8170187FF1C300715E16 /* Base */,
			);
			name = Main_iPhone.storyboard;
			sourceTree = "<group>";
		};
		3C3D8172187FF1C300715E16 /* Main_iPad.storyboard */ = {
			isa = PBXVariantGroup;
			children = (
				3C3D8173187FF1C300715E16 /* Base */,
			);
			name = Main_iPad.storyboard;
			sourceTree = "<group>";
		};
		3C3D818B187FF1C400715E16 /* InfoPlist.strings */ = {
			isa = PBXVariantGroup;
			children = (
				3C3D818C187FF1C400715E16 /* en */,
			);
			name = InfoPlist.strings;
			sourceTree = "<group>";
		};
/* End PBXVariantGroup section */

/* Begin XCBuildConfiguration section */
		3C3D8190187FF1C400715E16 /* Debug */ = {
			isa = XCBuildConfiguration;
			buildSettings = {
				ALWAYS_SEARCH_USER_PATHS = NO;
				ARCHS = "$(ARCHS_STANDARD_INCLUDING_64_BIT)";
				CLANG_CXX_LANGUAGE_STANDARD = "gnu++0x";
				CLANG_CXX_LIBRARY = "libc++";
				CLANG_ENABLE_MODULES = YES;
				CLANG_ENABLE_OBJC_ARC = YES;
				CLANG_WARN_BOOL_CONVERSION = YES;
				CLANG_WARN_CONSTANT_CONVERSION = YES;
				CLANG_WARN_DIRECT_OBJC_ISA_USAGE = YES_ERROR;
				CLANG_WARN_EMPTY_BODY = YES;
				CLANG_WARN_ENUM_CONVERSION = YES;
				CLANG_WARN_INT_CONVERSION = YES;
				CLANG_WARN_OBJC_ROOT_CLASS = YES_ERROR;
				CLANG_WARN__DUPLICATE_METHOD_MATCH = YES;
				"CODE_SIGN_IDENTITY[sdk=iphoneos*]" = "iPhone Developer";
				COPY_PHASE_STRIP = NO;
				GCC_C_LANGUAGE_STANDARD = gnu99;
				GCC_DYNAMIC_NO_PIC = NO;
				GCC_OPTIMIZATION_LEVEL = 0;
				GCC_PREPROCESSOR_DEFINITIONS = (
					"DEBUG=1",
					"$(inherited)",
				);
				GCC_SYMBOLS_PRIVATE_EXTERN = NO;
				GCC_WARN_64_TO_32_BIT_CONVERSION = YES;
				GCC_WARN_ABOUT_RETURN_TYPE = YES_ERROR;
				GCC_WARN_UNDECLARED_SELECTOR = YES;
				GCC_WARN_UNINITIALIZED_AUTOS = YES;
				GCC_WARN_UNUSED_FUNCTION = YES;
				GCC_WARN_UNUSED_VARIABLE = YES;
				IPHONEOS_DEPLOYMENT_TARGET = 7.0;
				ONLY_ACTIVE_ARCH = YES;
				SDKROOT = iphoneos;
				TARGETED_DEVICE_FAMILY = "1,2";
			};
			name = Debug;
		};
		3C3D8191187FF1C400715E16 /* Release */ = {
			isa = XCBuildConfiguration;
			buildSettings = {
				ALWAYS_SEARCH_USER_PATHS = NO;
				ARCHS = "$(ARCHS_STANDARD_INCLUDING_64_BIT)";
				CLANG_CXX_LANGUAGE_STANDARD = "gnu++0x";
				CLANG_CXX_LIBRARY = "libc++";
				CLANG_ENABLE_MODULES = YES;
				CLANG_ENABLE_OBJC_ARC = YES;
				CLANG_WARN_BOOL_CONVERSION = YES;
				CLANG_WARN_CONSTANT_CONVERSION = YES;
				CLANG_WARN_DIRECT_OBJC_ISA_USAGE = YES_ERROR;
				CLANG_WARN_EMPTY_BODY = YES;
				CLANG_WARN_ENUM_CONVERSION = YES;
				CLANG_WARN_INT_CONVERSION = YES;
				CLANG_WARN_OBJC_ROOT_CLASS = YES_ERROR;
				CLANG_WARN__DUPLICATE_METHOD_MATCH = YES;
				"CODE_SIGN_IDENTITY[sdk=iphoneos*]" = "iPhone Developer";
				COPY_PHASE_STRIP = YES;
				ENABLE_NS_ASSERTIONS = NO;
				GCC_C_LANGUAGE_STANDARD = gnu99;
				GCC_WARN_64_TO_32_BIT_CONVERSION = YES;
				GCC_WARN_ABOUT_RETURN_TYPE = YES_ERROR;
				GCC_WARN_UNDECLARED_SELECTOR = YES;
				GCC_WARN_UNINITIALIZED_AUTOS = YES;
				GCC_WARN_UNUSED_FUNCTION = YES;
				GCC_WARN_UNUSED_VARIABLE = YES;
				IPHONEOS_DEPLOYMENT_TARGET = 7.0;
				SDKROOT = iphoneos;
				TARGETED_DEVICE_FAMILY = "1,2";
				VALIDATE_PRODUCT = YES;
			};
			name = Release;
		};
		3C3D8193187FF1C400715E16 /* Debug */ = {
			isa = XCBuildConfiguration;
			buildSettings = {
				ASSETCATALOG_COMPILER_APPICON_NAME = AppIcon;
				ASSETCATALOG_COMPILER_LAUNCHIMAGE_NAME = LaunchImage;
				GCC_PRECOMPILE_PREFIX_HEADER = YES;
				GCC_PREFIX_HEADER = "VoiceFinance/VoiceFinance-Prefix.pch";
				INFOPLIST_FILE = "VoiceFinance/VoiceFinance-Info.plist";
				PRODUCT_NAME = "$(TARGET_NAME)";
				WRAPPER_EXTENSION = app;
			};
			name = Debug;
		};
		3C3D8194187FF1C400715E16 /* Release */ = {
			isa = XCBuildConfiguration;
			buildSettings = {
				ASSETCATALOG_COMPILER_APPICON_NAME = AppIcon;
				ASSETCATALOG_COMPILER_LAUNCHIMAGE_NAME = LaunchImage;
				GCC_PRECOMPILE_PREFIX_HEADER = YES;
				GCC_PREFIX_HEADER = "VoiceFinance/VoiceFinance-Prefix.pch";
				INFOPLIST_FILE = "VoiceFinance/VoiceFinance-Info.plist";
				PRODUCT_NAME = "$(TARGET_NAME)";
				WRAPPER_EXTENSION = app;
			};
			name = Release;
		};
		3C3D8196187FF1C400715E16 /* Debug */ = {
			isa = XCBuildConfiguration;
			buildSettings = {
				ARCHS = "$(ARCHS_STANDARD_INCLUDING_64_BIT)";
				BUNDLE_LOADER = "$(BUILT_PRODUCTS_DIR)/VoiceFinance.app/VoiceFinance";
				FRAMEWORK_SEARCH_PATHS = (
					"$(SDKROOT)/Developer/Library/Frameworks",
					"$(inherited)",
					"$(DEVELOPER_FRAMEWORKS_DIR)",
				);
				GCC_PRECOMPILE_PREFIX_HEADER = YES;
				GCC_PREFIX_HEADER = "VoiceFinance/VoiceFinance-Prefix.pch";
				GCC_PREPROCESSOR_DEFINITIONS = (
					"DEBUG=1",
					"$(inherited)",
				);
				INFOPLIST_FILE = "VoiceFinanceTests/VoiceFinanceTests-Info.plist";
				PRODUCT_NAME = "$(TARGET_NAME)";
				TEST_HOST = "$(BUNDLE_LOADER)";
				WRAPPER_EXTENSION = xctest;
			};
			name = Debug;
		};
		3C3D8197187FF1C400715E16 /* Release */ = {
			isa = XCBuildConfiguration;
			buildSettings = {
				ARCHS = "$(ARCHS_STANDARD_INCLUDING_64_BIT)";
				BUNDLE_LOADER = "$(BUILT_PRODUCTS_DIR)/VoiceFinance.app/VoiceFinance";
				FRAMEWORK_SEARCH_PATHS = (
					"$(SDKROOT)/Developer/Library/Frameworks",
					"$(inherited)",
					"$(DEVELOPER_FRAMEWORKS_DIR)",
				);
				GCC_PRECOMPILE_PREFIX_HEADER = YES;
				GCC_PREFIX_HEADER = "VoiceFinance/VoiceFinance-Prefix.pch";
				INFOPLIST_FILE = "VoiceFinanceTests/VoiceFinanceTests-Info.plist";
				PRODUCT_NAME = "$(TARGET_NAME)";
				TEST_HOST = "$(BUNDLE_LOADER)";
				WRAPPER_EXTENSION = xctest;
			};
			name = Release;
		};
/* End XCBuildConfiguration section */

/* Begin XCConfigurationList section */
		3C3D8155187FF1C300715E16 /* Build configuration list for PBXProject "VoiceFinance" */ = {
			isa = XCConfigurationList;
			buildConfigurations = (
				3C3D8190187FF1C400715E16 /* Debug */,
				3C3D8191187FF1C400715E16 /* Release */,
			);
			defaultConfigurationIsVisible = 0;
			defaultConfigurationName = Release;
		};
		3C3D8192187FF1C400715E16 /* Build configuration list for PBXNativeTarget "VoiceFinance" */ = {
			isa = XCConfigurationList;
			buildConfigurations = (
				3C3D8193187FF1C400715E16 /* Debug */,
				3C3D8194187FF1C400715E16 /* Release */,
			);
			defaultConfigurationIsVisible = 0;
		};
		3C3D8195187FF1C400715E16 /* Build configuration list for PBXNativeTarget "VoiceFinanceTests" */ = {
			isa = XCConfigurationList;
			buildConfigurations = (
				3C3D8196187FF1C400715E16 /* Debug */,
				3C3D8197187FF1C400715E16 /* Release */,
			);
			defaultConfigurationIsVisible = 0;
		};
/* End XCConfigurationList section */
	};
	rootObject = 3C3D8152187FF1C300715E16 /* Project object */;
}
